
Microsoft Visual Studio Solution File, Format Version 12.00
# Visual Studio Version 17
VisualStudioVersion = 17.9.34526.213
MinimumVisualStudioVersion = 10.0.40219.1
Project("{9A19103F-16F7-4668-BE54-9A1E7A4F7556}") = "Scenarios", "Scenarios\Scenarios.csproj", "{43B9B4D3-7EB7-476C-9EA9-0553B86B02B8}"
EndProject
Project("{9A19103F-16F7-4668-BE54-9A1E7A4F7556}") = "WpfExamples", "WpfExamples\WpfExamples.csproj", "{EC89EFCB-6244-4FAE-9108-C668141F7101}"
EndProject
Project("{9A19103F-16F7-4668-BE54-9A1E7A4F7556}") = "Tests", "Tests\Tests.csproj", "{89D62EF8-2A06-4F65-9F01-176AE39917C1}"
EndProject
Global
	GlobalSection(SolutionConfigurationPlatforms) = preSolution
		Debug|Any CPU = Debug|Any CPU
		Release|Any CPU = Release|Any CPU
	EndGlobalSection
	GlobalSection(ProjectConfigurationPlatforms) = postSolution
		{43B9B4D3-7EB7-476C-9EA9-0553B86B02B8}.Debug|Any CPU.ActiveCfg = Debug|Any CPU
		{43B9B4D3-7EB7-476C-9EA9-0553B86B02B8}.Debug|Any CPU.Build.0 = Debug|Any CPU
		{43B9B4D3-7EB7-476C-9EA9-0553B86B02B8}.Release|Any CPU.ActiveCfg = Release|Any CPU
		{43B9B4D3-7EB7-476C-9EA9-0553B86B02B8}.Release|Any CPU.Build.0 = Release|Any CPU
		{EC89EFCB-6244-4FAE-9108-C668141F7101}.Debug|Any CPU.ActiveCfg = Debug|Any CPU
		{EC89EFCB-6244-4FAE-9108-C668141F7101}.Debug|Any CPU.Build.0 = Debug|Any CPU
		{EC89EFCB-6244-4FAE-9108-C668141F7101}.Release|Any CPU.ActiveCfg = Release|Any CPU
		{EC89EFCB-6244-4FAE-9108-C668141F7101}.Release|Any CPU.Build.0 = Release|Any CPU
		{89D62EF8-2A06-4F65-9F01-176AE39917C1}.Debug|Any CPU.ActiveCfg = Debug|Any CPU
		{89D62EF8-2A06-4F65-9F01-176AE39917C1}.Debug|Any CPU.Build.0 = Debug|Any CPU
		{89D62EF8-2A06-4F65-9F01-176AE39917C1}.Release|Any CPU.ActiveCfg = Release|Any CPU
		{89D62EF8-2A06-4F65-9F01-176AE39917C1}.Release|Any CPU.Build.0 = Release|Any CPU
	EndGlobalSection
	GlobalSection(SolutionProperties) = preSolution
		HideSolutionNode = FALSE
	EndGlobalSection
	GlobalSection(ExtensibilityGlobals) = postSolution
		SolutionGuid = {937F9F31-2D74-4448-8610-F01B9E1077A6}
	EndGlobalSection
EndGlobal
